
Microsoft Visual Studio Solution File, Format Version 12.00
# Visual Studio Version 17
VisualStudioVersion = 17.5.002.0
MinimumVisualStudioVersion = 10.0.40219.1
Project("{9A19103F-16F7-4668-BE54-9A1E7A4F7556}") = "ExemploExplorando", "ExemploExplorando.csproj", "{65C8F0DF-3707-4366-9EFC-07DDE6490B3F}"
EndProject
Global
	GlobalSection(SolutionConfigurationPlatforms) = preSolution
		Debug|Any CPU = Debug|Any CPU
		Release|Any CPU = Release|Any CPU
	EndGlobalSection
	GlobalSection(ProjectConfigurationPlatforms) = postSolution
		{65C8F0DF-3707-4366-9EFC-07DDE6490B3F}.Debug|Any CPU.ActiveCfg = Debug|Any CPU
		{65C8F0DF-3707-4366-9EFC-07DDE6490B3F}.Debug|Any CPU.Build.0 = Debug|Any CPU
		{65C8F0DF-3707-4366-9EFC-07DDE6490B3F}.Release|Any CPU.ActiveCfg = Release|Any CPU
		{65C8F0DF-3707-4366-9EFC-07DDE6490B3F}.Release|Any CPU.Build.0 = Release|Any CPU
	EndGlobalSection
	GlobalSection(SolutionProperties) = preSolution
		HideSolutionNode = FALSE
	EndGlobalSection
	GlobalSection(ExtensibilityGlobals) = postSolution
		SolutionGuid = {C25E9AAB-ECB9-488C-8FAE-6938BB04C35C}
	EndGlobalSection
EndGlobal
